
Microsoft Visual Studio Solution File, Format Version 12.00
# Visual Studio Version 17
VisualStudioVersion = 17.3.32811.315
MinimumVisualStudioVersion = 10.0.40219.1
Project("{FAE04EC0-301F-11D3-BF4B-00C04F79EFBC}") = "AddressBookLINQ", "AddressBookLINQ\AddressBookLINQ.csproj", "{C00480CB-9B0F-46F2-A27A-B62E3ED45DB7}"
EndProject
Global
	GlobalSection(SolutionConfigurationPlatforms) = preSolution
		Debug|Any CPU = Debug|Any CPU
		Release|Any CPU = Release|Any CPU
	EndGlobalSection
	GlobalSection(ProjectConfigurationPlatforms) = postSolution
		{C00480CB-9B0F-46F2-A27A-B62E3ED45DB7}.Debug|Any CPU.ActiveCfg = Debug|Any CPU
		{C00480CB-9B0F-46F2-A27A-B62E3ED45DB7}.Debug|Any CPU.Build.0 = Debug|Any CPU
		{C00480CB-9B0F-46F2-A27A-B62E3ED45DB7}.Release|Any CPU.ActiveCfg = Release|Any CPU
		{C00480CB-9B0F-46F2-A27A-B62E3ED45DB7}.Release|Any CPU.Build.0 = Release|Any CPU
	EndGlobalSection
	GlobalSection(SolutionProperties) = preSolution
		HideSolutionNode = FALSE
	EndGlobalSection
	GlobalSection(ExtensibilityGlobals) = postSolution
		SolutionGuid = {14B8BFFF-6501-4A28-9651-B801758C29FC}
	EndGlobalSection
EndGlobal
